// !$*UTF8*$!
{
	archiveVersion = 1;
	classes = {
	};
	objectVersion = 56;
	objects = {

/* Begin PBXBuildFile section */
		8E02CF382C6B8205006E5B93 /* DietGenie_AIApp.swift in Sources */ = {isa = PBXBuildFile; fileRef = 8E02CF372C6B8205006E5B93 /* DietGenie_AIApp.swift */; };
		8E02CF3C2C6B8207006E5B93 /* Assets.xcassets in Resources */ = {isa = PBXBuildFile; fileRef = 8E02CF3B2C6B8207006E5B93 /* Assets.xcassets */; };
		8E02CF3F2C6B8207006E5B93 /* Preview Assets.xcassets in Resources */ = {isa = PBXBuildFile; fileRef = 8E02CF3E2C6B8207006E5B93 /* Preview Assets.xcassets */; };
		8E02CF4A2C6B83FF006E5B93 /* BaseView.swift in Sources */ = {isa = PBXBuildFile; fileRef = 8E02CF492C6B83FF006E5B93 /* BaseView.swift */; };
		8E02CF4D2C6B8440006E5B93 /* Color+Ext.swift in Sources */ = {isa = PBXBuildFile; fileRef = 8E02CF4C2C6B8440006E5B93 /* Color+Ext.swift */; };
		8E02CF502C6B8486006E5B93 /* ColorScheme.swift in Sources */ = {isa = PBXBuildFile; fileRef = 8E02CF4F2C6B8486006E5B93 /* ColorScheme.swift */; };
		8E02CF522C6B84B7006E5B93 /* BaseViewModel.swift in Sources */ = {isa = PBXBuildFile; fileRef = 8E02CF512C6B84B7006E5B93 /* BaseViewModel.swift */; };
		8E02CF552C6B8506006E5B93 /* CUIDropDownElement.swift in Sources */ = {isa = PBXBuildFile; fileRef = 8E02CF542C6B8506006E5B93 /* CUIDropDownElement.swift */; };
		8E02CF572C6B8542006E5B93 /* CUIDropDown.swift in Sources */ = {isa = PBXBuildFile; fileRef = 8E02CF562C6B8542006E5B93 /* CUIDropDown.swift */; };
		8E02CF592C6B856B006E5B93 /* Font+Ext.swift in Sources */ = {isa = PBXBuildFile; fileRef = 8E02CF582C6B856B006E5B93 /* Font+Ext.swift */; };
		8E02CF5B2C6B860B006E5B93 /* SelectInputMethodVM.swift in Sources */ = {isa = PBXBuildFile; fileRef = 8E02CF5A2C6B860B006E5B93 /* SelectInputMethodVM.swift */; };
		8E02CF5D2C6B86A9006E5B93 /* ItemHeightPreferenceKey.swift in Sources */ = {isa = PBXBuildFile; fileRef = 8E02CF5C2C6B86A9006E5B93 /* ItemHeightPreferenceKey.swift */; };
		8E02CF5F2C6B8746006E5B93 /* Screen+Ext.swift in Sources */ = {isa = PBXBuildFile; fileRef = 8E02CF5E2C6B8746006E5B93 /* Screen+Ext.swift */; };
		8E02CF612C6B87A3006E5B93 /* View+Ext.swift in Sources */ = {isa = PBXBuildFile; fileRef = 8E02CF602C6B87A3006E5B93 /* View+Ext.swift */; };
		8E02CF632C6B8885006E5B93 /* NdDropdownModifier.swift in Sources */ = {isa = PBXBuildFile; fileRef = 8E02CF622C6B8885006E5B93 /* NdDropdownModifier.swift */; };
		8E02CF662C6B88BB006E5B93 /* BackgroundBlurView.swift in Sources */ = {isa = PBXBuildFile; fileRef = 8E02CF652C6B88BB006E5B93 /* BackgroundBlurView.swift */; };
		8E02CF682C6B8993006E5B93 /* CUIDropdownField.swift in Sources */ = {isa = PBXBuildFile; fileRef = 8E02CF672C6B8993006E5B93 /* CUIDropdownField.swift */; };
		8E02CF6A2C6B89B9006E5B93 /* String+Ext.swift in Sources */ = {isa = PBXBuildFile; fileRef = 8E02CF692C6B89B9006E5B93 /* String+Ext.swift */; };
		8E02CF6C2C6B8A8D006E5B93 /* CUISearchBar.swift in Sources */ = {isa = PBXBuildFile; fileRef = 8E02CF6B2C6B8A8D006E5B93 /* CUISearchBar.swift */; };
		8E02CF702C6B94C3006E5B93 /* SegmentedControlView.swift in Sources */ = {isa = PBXBuildFile; fileRef = 8E02CF6F2C6B94C3006E5B93 /* SegmentedControlView.swift */; };
		8E02CF722C6B9F36006E5B93 /* CUILeftHeadline.swift in Sources */ = {isa = PBXBuildFile; fileRef = 8E02CF712C6B9F36006E5B93 /* CUILeftHeadline.swift */; };
		8E02CF742C6BA020006E5B93 /* CUIButton.swift in Sources */ = {isa = PBXBuildFile; fileRef = 8E02CF732C6BA020006E5B93 /* CUIButton.swift */; };
		8E02CF762C6BA882006E5B93 /* PurposeInputView.swift in Sources */ = {isa = PBXBuildFile; fileRef = 8E02CF752C6BA882006E5B93 /* PurposeInputView.swift */; };
		8E02CF782C6BA91C006E5B93 /* UserInputModel.swift in Sources */ = {isa = PBXBuildFile; fileRef = 8E02CF772C6BA91C006E5B93 /* UserInputModel.swift */; };
		8E02CF7A2C6BAAB4006E5B93 /* DetailsAboutMeView.swift in Sources */ = {isa = PBXBuildFile; fileRef = 8E02CF792C6BAAB4006E5B93 /* DetailsAboutMeView.swift */; };
		8E02CF7C2C6BACD6006E5B93 /* CUIBackButton.swift in Sources */ = {isa = PBXBuildFile; fileRef = 8E02CF7B2C6BACD6006E5B93 /* CUIBackButton.swift */; };
		8E02CF7E2C6BB0ED006E5B93 /* CUIValidationField.swift in Sources */ = {isa = PBXBuildFile; fileRef = 8E02CF7D2C6BB0ED006E5B93 /* CUIValidationField.swift */; };
		8E02CF802C6BB137006E5B93 /* CUIDefaultTextField.swift in Sources */ = {isa = PBXBuildFile; fileRef = 8E02CF7F2C6BB137006E5B93 /* CUIDefaultTextField.swift */; };
		8E02CF822C6BB2D8006E5B93 /* ValidatorHelper.swift in Sources */ = {isa = PBXBuildFile; fileRef = 8E02CF812C6BB2D8006E5B93 /* ValidatorHelper.swift */; };
		8E02CF862C6BB7B1006E5B93 /* HealthKitManager.swift in Sources */ = {isa = PBXBuildFile; fileRef = 8E02CF852C6BB7B1006E5B93 /* HealthKitManager.swift */; };
		8E02CF882C6BF777006E5B93 /* SelectInputMethodView.swift in Sources */ = {isa = PBXBuildFile; fileRef = 8E02CF872C6BF777006E5B93 /* SelectInputMethodView.swift */; };
		8E02CF8A2C6BFB43006E5B93 /* DietProgramView.swift in Sources */ = {isa = PBXBuildFile; fileRef = 8E02CF892C6BFB43006E5B93 /* DietProgramView.swift */; };
		8E02CF8C2C6C02E6006E5B93 /* OpenAIManager.swift in Sources */ = {isa = PBXBuildFile; fileRef = 8E02CF8B2C6C02E6006E5B93 /* OpenAIManager.swift */; };
		8E02CF942C6C7671006E5B93 /* MealCardElementView.swift in Sources */ = {isa = PBXBuildFile; fileRef = 8E02CF932C6C7671006E5B93 /* MealCardElementView.swift */; };
		8E02CF962C6CC3F6006E5B93 /* CUILoadingView.swift in Sources */ = {isa = PBXBuildFile; fileRef = 8E02CF952C6CC3F6006E5B93 /* CUILoadingView.swift */; };
		8E02CF982C6E0D79006E5B93 /* KeychainManager.swift in Sources */ = {isa = PBXBuildFile; fileRef = 8E02CF972C6E0D79006E5B93 /* KeychainManager.swift */; };
		8E02CF9B2C6E0E67006E5B93 /* KeychainSwift in Frameworks */ = {isa = PBXBuildFile; productRef = 8E02CF9A2C6E0E67006E5B93 /* KeychainSwift */; };
		8E02CF9D2C6E0FDC006E5B93 /* Constant.swift in Sources */ = {isa = PBXBuildFile; fileRef = 8E02CF9C2C6E0FDC006E5B93 /* Constant.swift */; };
		8E02CF9F2C6E1E4E006E5B93 /* GoogleService-Info.plist in Resources */ = {isa = PBXBuildFile; fileRef = 8E02CF9E2C6E1E4E006E5B93 /* GoogleService-Info.plist */; };
		8E02CFAC2C6E1F47006E5B93 /* FirebaseRemoteConfigManager.swift in Sources */ = {isa = PBXBuildFile; fileRef = 8E02CFAB2C6E1F47006E5B93 /* FirebaseRemoteConfigManager.swift */; };
		8E02CFAF2C6E20DE006E5B93 /* FirebaseAnalytics in Frameworks */ = {isa = PBXBuildFile; productRef = 8E02CFAE2C6E20DE006E5B93 /* FirebaseAnalytics */; };
		8E02CFB12C6E20DE006E5B93 /* FirebaseAnalyticsOnDeviceConversion in Frameworks */ = {isa = PBXBuildFile; productRef = 8E02CFB02C6E20DE006E5B93 /* FirebaseAnalyticsOnDeviceConversion */; };
		8E02CFB32C6E20DE006E5B93 /* FirebaseAnalyticsWithoutAdIdSupport in Frameworks */ = {isa = PBXBuildFile; productRef = 8E02CFB22C6E20DE006E5B93 /* FirebaseAnalyticsWithoutAdIdSupport */; };
		8E02CFB52C6E20DE006E5B93 /* FirebaseAppCheck in Frameworks */ = {isa = PBXBuildFile; productRef = 8E02CFB42C6E20DE006E5B93 /* FirebaseAppCheck */; };
		8E02CFB72C6E20DE006E5B93 /* FirebaseAppDistribution-Beta in Frameworks */ = {isa = PBXBuildFile; productRef = 8E02CFB62C6E20DE006E5B93 /* FirebaseAppDistribution-Beta */; };
		8E02CFB92C6E20DE006E5B93 /* FirebaseAuth in Frameworks */ = {isa = PBXBuildFile; productRef = 8E02CFB82C6E20DE006E5B93 /* FirebaseAuth */; };
		8E02CFBB2C6E20DE006E5B93 /* FirebaseAuthCombine-Community in Frameworks */ = {isa = PBXBuildFile; productRef = 8E02CFBA2C6E20DE006E5B93 /* FirebaseAuthCombine-Community */; };
		8E02CFBD2C6E20DE006E5B93 /* FirebaseCrashlytics in Frameworks */ = {isa = PBXBuildFile; productRef = 8E02CFBC2C6E20DE006E5B93 /* FirebaseCrashlytics */; };
		8E02CFBF2C6E20DE006E5B93 /* FirebaseDatabase in Frameworks */ = {isa = PBXBuildFile; productRef = 8E02CFBE2C6E20DE006E5B93 /* FirebaseDatabase */; };
		8E02CFC12C6E20DE006E5B93 /* FirebaseDynamicLinks in Frameworks */ = {isa = PBXBuildFile; productRef = 8E02CFC02C6E20DE006E5B93 /* FirebaseDynamicLinks */; };
		8E02CFC32C6E20DE006E5B93 /* FirebaseFirestore in Frameworks */ = {isa = PBXBuildFile; productRef = 8E02CFC22C6E20DE006E5B93 /* FirebaseFirestore */; };
		8E02CFC52C6E20DE006E5B93 /* FirebaseFirestoreCombine-Community in Frameworks */ = {isa = PBXBuildFile; productRef = 8E02CFC42C6E20DE006E5B93 /* FirebaseFirestoreCombine-Community */; };
		8E02CFC72C6E20DE006E5B93 /* FirebaseFunctions in Frameworks */ = {isa = PBXBuildFile; productRef = 8E02CFC62C6E20DE006E5B93 /* FirebaseFunctions */; };
		8E02CFC92C6E20DE006E5B93 /* FirebaseFunctionsCombine-Community in Frameworks */ = {isa = PBXBuildFile; productRef = 8E02CFC82C6E20DE006E5B93 /* FirebaseFunctionsCombine-Community */; };
		8E02CFCB2C6E20DE006E5B93 /* FirebaseInAppMessaging-Beta in Frameworks */ = {isa = PBXBuildFile; productRef = 8E02CFCA2C6E20DE006E5B93 /* FirebaseInAppMessaging-Beta */; };
		8E02CFCD2C6E20DE006E5B93 /* FirebaseInstallations in Frameworks */ = {isa = PBXBuildFile; productRef = 8E02CFCC2C6E20DE006E5B93 /* FirebaseInstallations */; };
		8E02CFCF2C6E20DE006E5B93 /* FirebaseMLModelDownloader in Frameworks */ = {isa = PBXBuildFile; productRef = 8E02CFCE2C6E20DE006E5B93 /* FirebaseMLModelDownloader */; };
		8E02CFD12C6E20DE006E5B93 /* FirebaseMessaging in Frameworks */ = {isa = PBXBuildFile; productRef = 8E02CFD02C6E20DE006E5B93 /* FirebaseMessaging */; };
		8E02CFD32C6E20DE006E5B93 /* FirebasePerformance in Frameworks */ = {isa = PBXBuildFile; productRef = 8E02CFD22C6E20DE006E5B93 /* FirebasePerformance */; };
		8E02CFD52C6E20DE006E5B93 /* FirebaseRemoteConfig in Frameworks */ = {isa = PBXBuildFile; productRef = 8E02CFD42C6E20DE006E5B93 /* FirebaseRemoteConfig */; };
		8E02CFD72C6E20DE006E5B93 /* FirebaseStorage in Frameworks */ = {isa = PBXBuildFile; productRef = 8E02CFD62C6E20DE006E5B93 /* FirebaseStorage */; };
		8E02CFD92C6E20DE006E5B93 /* FirebaseStorageCombine-Community in Frameworks */ = {isa = PBXBuildFile; productRef = 8E02CFD82C6E20DE006E5B93 /* FirebaseStorageCombine-Community */; };
		8E02CFDB2C6E20DE006E5B93 /* FirebaseVertexAI-Preview in Frameworks */ = {isa = PBXBuildFile; productRef = 8E02CFDA2C6E20DE006E5B93 /* FirebaseVertexAI-Preview */; };
		8E02CFDE2C70FFEA006E5B93 /* LoginView.swift in Sources */ = {isa = PBXBuildFile; fileRef = 8E02CFDD2C70FFEA006E5B93 /* LoginView.swift */; };
		8E02CFE02C71114B006E5B93 /* RegisterView.swift in Sources */ = {isa = PBXBuildFile; fileRef = 8E02CFDF2C71114B006E5B93 /* RegisterView.swift */; };
		8E02CFE52C711A93006E5B93 /* SwiftUIWrapper.swift in Sources */ = {isa = PBXBuildFile; fileRef = 8E02CFE42C711A93006E5B93 /* SwiftUIWrapper.swift */; };
		8E02CFE72C711AC4006E5B93 /* Date+Ext.swift in Sources */ = {isa = PBXBuildFile; fileRef = 8E02CFE62C711AC4006E5B93 /* Date+Ext.swift */; };
		8E0B2C072C71710C004DFCD8 /* ContentView.swift in Sources */ = {isa = PBXBuildFile; fileRef = 8E02CF392C6B8205006E5B93 /* ContentView.swift */; };
		8E0B2C092C717EB4004DFCD8 /* NavigationUtil.swift in Sources */ = {isa = PBXBuildFile; fileRef = 8E0B2C082C717EB4004DFCD8 /* NavigationUtil.swift */; };
		8E0B2C0B2C71846E004DFCD8 /* BindingRouter.swift in Sources */ = {isa = PBXBuildFile; fileRef = 8E0B2C0A2C71846E004DFCD8 /* BindingRouter.swift */; };
		8E0B2C0D2C71891C004DFCD8 /* AuthenticationManager.swift in Sources */ = {isa = PBXBuildFile; fileRef = 8E0B2C0C2C71891C004DFCD8 /* AuthenticationManager.swift */; };
		8E0B2C0F2C720B81004DFCD8 /* ConditionalOpacityAndDisableModifier.swift in Sources */ = {isa = PBXBuildFile; fileRef = 8E0B2C0E2C720B81004DFCD8 /* ConditionalOpacityAndDisableModifier.swift */; };
		8E0B2C122C720F35004DFCD8 /* SavedPlanView.swift in Sources */ = {isa = PBXBuildFile; fileRef = 8E0B2C112C720F35004DFCD8 /* SavedPlanView.swift */; };
		8E0B2C142C722007004DFCD8 /* DietPlanDetailView.swift in Sources */ = {isa = PBXBuildFile; fileRef = 8E0B2C132C722007004DFCD8 /* DietPlanDetailView.swift */; };
		8E0B2C162C722450004DFCD8 /* DietPlanElement.swift in Sources */ = {isa = PBXBuildFile; fileRef = 8E0B2C152C722450004DFCD8 /* DietPlanElement.swift */; };
		8E0B2C192C722C04004DFCD8 /* MainTabView.swift in Sources */ = {isa = PBXBuildFile; fileRef = 8E0B2C182C722C04004DFCD8 /* MainTabView.swift */; };
		8E0B2C1D2C722D2F004DFCD8 /* TabButton.swift in Sources */ = {isa = PBXBuildFile; fileRef = 8E0B2C1C2C722D2F004DFCD8 /* TabButton.swift */; };
		8E36DC4D2C73F5A2005F58E4 /* CUIDivider.swift in Sources */ = {isa = PBXBuildFile; fileRef = 8E36DC4C2C73F5A2005F58E4 /* CUIDivider.swift */; };
		8E36DC4F2C750119005F58E4 /* KeyboardObserver.swift in Sources */ = {isa = PBXBuildFile; fileRef = 8E36DC4E2C750119005F58E4 /* KeyboardObserver.swift */; };
		8E36DC512C7503F4005F58E4 /* TrackableScrollView.swift in Sources */ = {isa = PBXBuildFile; fileRef = 8E36DC502C7503F4005F58E4 /* TrackableScrollView.swift */; };
		8E36DC532C750B67005F58E4 /* forgotPass_animation.json in Resources */ = {isa = PBXBuildFile; fileRef = 8E36DC522C750B67005F58E4 /* forgotPass_animation.json */; };
		8E36DC572C750C64005F58E4 /* HealthKitPermissionView.swift in Sources */ = {isa = PBXBuildFile; fileRef = 8E36DC562C750C64005F58E4 /* HealthKitPermissionView.swift */; };
		8E47D1842C76887500A8C4B3 /* HealthKitPermissionVM.swift in Sources */ = {isa = PBXBuildFile; fileRef = 8E47D1832C76887500A8C4B3 /* HealthKitPermissionVM.swift */; };
		8E47D1862C768B7E00A8C4B3 /* CUIDismissButton.swift in Sources */ = {isa = PBXBuildFile; fileRef = 8E47D1852C768B7E00A8C4B3 /* CUIDismissButton.swift */; };
		8E47D18A2C77285C00A8C4B3 /* CUIProgressView.swift in Sources */ = {isa = PBXBuildFile; fileRef = 8E47D1892C77285C00A8C4B3 /* CUIProgressView.swift */; };
		8E47D18C2C77455E00A8C4B3 /* HeightPickerView.swift in Sources */ = {isa = PBXBuildFile; fileRef = 8E47D18B2C77455E00A8C4B3 /* HeightPickerView.swift */; };
		8E47D18E2C7748B000A8C4B3 /* VisualEffectBlur.swift in Sources */ = {isa = PBXBuildFile; fileRef = 8E47D18D2C7748B000A8C4B3 /* VisualEffectBlur.swift */; };
		8E47D1902C77592C00A8C4B3 /* NdHeightPickerModifier.swift in Sources */ = {isa = PBXBuildFile; fileRef = 8E47D18F2C77592C00A8C4B3 /* NdHeightPickerModifier.swift */; };
		8E47D1922C776AA300A8C4B3 /* NdWeightPickerModifier.swift in Sources */ = {isa = PBXBuildFile; fileRef = 8E47D1912C776AA300A8C4B3 /* NdWeightPickerModifier.swift */; };
		8E47D1952C77C1F300A8C4B3 /* WeightPickerView.swift in Sources */ = {isa = PBXBuildFile; fileRef = 8E47D1942C77C1F300A8C4B3 /* WeightPickerView.swift */; };
		8E47D1992C77C80100A8C4B3 /* HowActiveYouView.swift in Sources */ = {isa = PBXBuildFile; fileRef = 8E47D1982C77C80100A8C4B3 /* HowActiveYouView.swift */; };
		8E47D19B2C77C81200A8C4B3 /* HowActiveYouVM.swift in Sources */ = {isa = PBXBuildFile; fileRef = 8E47D19A2C77C81200A8C4B3 /* HowActiveYouVM.swift */; };
		8E47D19D2C77C9E800A8C4B3 /* ActivityItems.swift in Sources */ = {isa = PBXBuildFile; fileRef = 8E47D19C2C77C9E800A8C4B3 /* ActivityItems.swift */; };
		8E47D19F2C77CBE500A8C4B3 /* ActivityElement.swift in Sources */ = {isa = PBXBuildFile; fileRef = 8E47D19E2C77CBE500A8C4B3 /* ActivityElement.swift */; };
		8EAEB05E2C73B6C500FD9713 /* LottieView.swift in Sources */ = {isa = PBXBuildFile; fileRef = 8EAEB05D2C73B6C500FD9713 /* LottieView.swift */; };
		8EAEB0612C73B79800FD9713 /* Lottie in Frameworks */ = {isa = PBXBuildFile; productRef = 8EAEB0602C73B79800FD9713 /* Lottie */; };
		8EAEB0632C73B7B000FD9713 /* DietGenie_animation.json in Resources */ = {isa = PBXBuildFile; fileRef = 8EAEB0622C73B7B000FD9713 /* DietGenie_animation.json */; };
		8EAEB0652C73B7E300FD9713 /* OnboardingView.swift in Sources */ = {isa = PBXBuildFile; fileRef = 8EAEB0642C73B7E300FD9713 /* OnboardingView.swift */; };
		8EAEB0682C73B83100FD9713 /* OnboardingVM.swift in Sources */ = {isa = PBXBuildFile; fileRef = 8EAEB0672C73B83100FD9713 /* OnboardingVM.swift */; };
		8EAEB06C2C73C60A00FD9713 /* CustomEllipseShape.swift in Sources */ = {isa = PBXBuildFile; fileRef = 8EAEB06B2C73C60A00FD9713 /* CustomEllipseShape.swift */; };
		8EAEB0702C73CC4800FD9713 /* Montserrat-VariableFont_wght.ttf in Resources */ = {isa = PBXBuildFile; fileRef = 8EAEB06F2C73CC4800FD9713 /* Montserrat-VariableFont_wght.ttf */; };
		8EAEB0732C73CF6D00FD9713 /* Montserrat-Medium.ttf in Resources */ = {isa = PBXBuildFile; fileRef = 8EAEB0722C73CF6D00FD9713 /* Montserrat-Medium.ttf */; };
		8EAEB0752C73CF7700FD9713 /* Montserrat-Bold.ttf in Resources */ = {isa = PBXBuildFile; fileRef = 8EAEB0742C73CF7700FD9713 /* Montserrat-Bold.ttf */; };
		8EAEB0772C73CF7E00FD9713 /* Montserrat-SemiBold.ttf in Resources */ = {isa = PBXBuildFile; fileRef = 8EAEB0762C73CF7E00FD9713 /* Montserrat-SemiBold.ttf */; };
		8EDFD1AB2C713E8D00CCA1C2 /* PasswordResetView.swift in Sources */ = {isa = PBXBuildFile; fileRef = 8EDFD1AA2C713E8D00CCA1C2 /* PasswordResetView.swift */; };
		8EDFD1AD2C714F4F00CCA1C2 /* LogoutButton.swift in Sources */ = {isa = PBXBuildFile; fileRef = 8EDFD1AC2C714F4F00CCA1C2 /* LogoutButton.swift */; };
		8EDFD1AF2C7154D900CCA1C2 /* CUIPasswordValidationField.swift in Sources */ = {isa = PBXBuildFile; fileRef = 8EDFD1AE2C7154D900CCA1C2 /* CUIPasswordValidationField.swift */; };
		8EDFD1B12C715F2200CCA1C2 /* PurposeInputVM.swift in Sources */ = {isa = PBXBuildFile; fileRef = 8EDFD1B02C715F2200CCA1C2 /* PurposeInputVM.swift */; };
		8EDFD1B42C715FE800CCA1C2 /* DietProgramVM.swift in Sources */ = {isa = PBXBuildFile; fileRef = 8EDFD1B32C715FE800CCA1C2 /* DietProgramVM.swift */; };
		8EDFD1BA2C71613E00CCA1C2 /* DetailsAboutMeVM.swift in Sources */ = {isa = PBXBuildFile; fileRef = 8EDFD1B92C71613E00CCA1C2 /* DetailsAboutMeVM.swift */; };
		8EDFD1BD2C7162A800CCA1C2 /* RegisterVM.swift in Sources */ = {isa = PBXBuildFile; fileRef = 8EDFD1BC2C7162A800CCA1C2 /* RegisterVM.swift */; };
		8EDFD1C02C7163C700CCA1C2 /* LoginVM.swift in Sources */ = {isa = PBXBuildFile; fileRef = 8EDFD1BF2C7163C700CCA1C2 /* LoginVM.swift */; };
		8EE8D94E2C78CDB8000EC49B /* PurposeElement.swift in Sources */ = {isa = PBXBuildFile; fileRef = 8EE8D94D2C78CDB8000EC49B /* PurposeElement.swift */; };
		8EE8D9502C78CDC8000EC49B /* PurposeItems.swift in Sources */ = {isa = PBXBuildFile; fileRef = 8EE8D94F2C78CDC8000EC49B /* PurposeItems.swift */; };
/* End PBXBuildFile section */

/* Begin PBXFileReference section */
		8E02CF342C6B8205006E5B93 /* DietGenie AI.app */ = {isa = PBXFileReference; explicitFileType = wrapper.application; includeInIndex = 0; path = "DietGenie AI.app"; sourceTree = BUILT_PRODUCTS_DIR; };
		8E02CF372C6B8205006E5B93 /* DietGenie_AIApp.swift */ = {isa = PBXFileReference; lastKnownFileType = sourcecode.swift; path = DietGenie_AIApp.swift; sourceTree = "<group>"; };
		8E02CF392C6B8205006E5B93 /* ContentView.swift */ = {isa = PBXFileReference; lastKnownFileType = sourcecode.swift; path = ContentView.swift; sourceTree = "<group>"; };
		8E02CF3B2C6B8207006E5B93 /* Assets.xcassets */ = {isa = PBXFileReference; lastKnownFileType = folder.assetcatalog; path = Assets.xcassets; sourceTree = "<group>"; };
		8E02CF3E2C6B8207006E5B93 /* Preview Assets.xcassets */ = {isa = PBXFileReference; lastKnownFileType = folder.assetcatalog; path = "Preview Assets.xcassets"; sourceTree = "<group>"; };
		8E02CF492C6B83FF006E5B93 /* BaseView.swift */ = {isa = PBXFileReference; lastKnownFileType = sourcecode.swift; path = BaseView.swift; sourceTree = "<group>"; };
		8E02CF4C2C6B8440006E5B93 /* Color+Ext.swift */ = {isa = PBXFileReference; lastKnownFileType = sourcecode.swift; path = "Color+Ext.swift"; sourceTree = "<group>"; };
		8E02CF4F2C6B8486006E5B93 /* ColorScheme.swift */ = {isa = PBXFileReference; lastKnownFileType = sourcecode.swift; path = ColorScheme.swift; sourceTree = "<group>"; };
		8E02CF512C6B84B7006E5B93 /* BaseViewModel.swift */ = {isa = PBXFileReference; lastKnownFileType = sourcecode.swift; path = BaseViewModel.swift; sourceTree = "<group>"; };
		8E02CF542C6B8506006E5B93 /* CUIDropDownElement.swift */ = {isa = PBXFileReference; lastKnownFileType = sourcecode.swift; path = CUIDropDownElement.swift; sourceTree = "<group>"; };
		8E02CF562C6B8542006E5B93 /* CUIDropDown.swift */ = {isa = PBXFileReference; lastKnownFileType = sourcecode.swift; path = CUIDropDown.swift; sourceTree = "<group>"; };
		8E02CF582C6B856B006E5B93 /* Font+Ext.swift */ = {isa = PBXFileReference; lastKnownFileType = sourcecode.swift; path = "Font+Ext.swift"; sourceTree = "<group>"; };
		8E02CF5A2C6B860B006E5B93 /* SelectInputMethodVM.swift */ = {isa = PBXFileReference; lastKnownFileType = sourcecode.swift; path = SelectInputMethodVM.swift; sourceTree = "<group>"; };
		8E02CF5C2C6B86A9006E5B93 /* ItemHeightPreferenceKey.swift */ = {isa = PBXFileReference; lastKnownFileType = sourcecode.swift; path = ItemHeightPreferenceKey.swift; sourceTree = "<group>"; };
		8E02CF5E2C6B8746006E5B93 /* Screen+Ext.swift */ = {isa = PBXFileReference; lastKnownFileType = sourcecode.swift; path = "Screen+Ext.swift"; sourceTree = "<group>"; };
		8E02CF602C6B87A3006E5B93 /* View+Ext.swift */ = {isa = PBXFileReference; lastKnownFileType = sourcecode.swift; path = "View+Ext.swift"; sourceTree = "<group>"; };
		8E02CF622C6B8885006E5B93 /* NdDropdownModifier.swift */ = {isa = PBXFileReference; lastKnownFileType = sourcecode.swift; path = NdDropdownModifier.swift; sourceTree = "<group>"; };
		8E02CF652C6B88BB006E5B93 /* BackgroundBlurView.swift */ = {isa = PBXFileReference; lastKnownFileType = sourcecode.swift; path = BackgroundBlurView.swift; sourceTree = "<group>"; };
		8E02CF672C6B8993006E5B93 /* CUIDropdownField.swift */ = {isa = PBXFileReference; lastKnownFileType = sourcecode.swift; path = CUIDropdownField.swift; sourceTree = "<group>"; };
		8E02CF692C6B89B9006E5B93 /* String+Ext.swift */ = {isa = PBXFileReference; lastKnownFileType = sourcecode.swift; path = "String+Ext.swift"; sourceTree = "<group>"; };
		8E02CF6B2C6B8A8D006E5B93 /* CUISearchBar.swift */ = {isa = PBXFileReference; lastKnownFileType = sourcecode.swift; path = CUISearchBar.swift; sourceTree = "<group>"; };
		8E02CF6F2C6B94C3006E5B93 /* SegmentedControlView.swift */ = {isa = PBXFileReference; lastKnownFileType = sourcecode.swift; path = SegmentedControlView.swift; sourceTree = "<group>"; };
		8E02CF712C6B9F36006E5B93 /* CUILeftHeadline.swift */ = {isa = PBXFileReference; lastKnownFileType = sourcecode.swift; path = CUILeftHeadline.swift; sourceTree = "<group>"; };
		8E02CF732C6BA020006E5B93 /* CUIButton.swift */ = {isa = PBXFileReference; lastKnownFileType = sourcecode.swift; path = CUIButton.swift; sourceTree = "<group>"; };
		8E02CF752C6BA882006E5B93 /* PurposeInputView.swift */ = {isa = PBXFileReference; lastKnownFileType = sourcecode.swift; path = PurposeInputView.swift; sourceTree = "<group>"; };
		8E02CF772C6BA91C006E5B93 /* UserInputModel.swift */ = {isa = PBXFileReference; lastKnownFileType = sourcecode.swift; path = UserInputModel.swift; sourceTree = "<group>"; };
		8E02CF792C6BAAB4006E5B93 /* DetailsAboutMeView.swift */ = {isa = PBXFileReference; lastKnownFileType = sourcecode.swift; path = DetailsAboutMeView.swift; sourceTree = "<group>"; };
		8E02CF7B2C6BACD6006E5B93 /* CUIBackButton.swift */ = {isa = PBXFileReference; lastKnownFileType = sourcecode.swift; path = CUIBackButton.swift; sourceTree = "<group>"; };
		8E02CF7D2C6BB0ED006E5B93 /* CUIValidationField.swift */ = {isa = PBXFileReference; lastKnownFileType = sourcecode.swift; path = CUIValidationField.swift; sourceTree = "<group>"; };
		8E02CF7F2C6BB137006E5B93 /* CUIDefaultTextField.swift */ = {isa = PBXFileReference; lastKnownFileType = sourcecode.swift; path = CUIDefaultTextField.swift; sourceTree = "<group>"; };
		8E02CF812C6BB2D8006E5B93 /* ValidatorHelper.swift */ = {isa = PBXFileReference; lastKnownFileType = sourcecode.swift; path = ValidatorHelper.swift; sourceTree = "<group>"; };
		8E02CF832C6BB6F3006E5B93 /* DietGenie AI.entitlements */ = {isa = PBXFileReference; lastKnownFileType = text.plist.entitlements; path = "DietGenie AI.entitlements"; sourceTree = "<group>"; };
		8E02CF852C6BB7B1006E5B93 /* HealthKitManager.swift */ = {isa = PBXFileReference; lastKnownFileType = sourcecode.swift; path = HealthKitManager.swift; sourceTree = "<group>"; };
		8E02CF872C6BF777006E5B93 /* SelectInputMethodView.swift */ = {isa = PBXFileReference; lastKnownFileType = sourcecode.swift; path = SelectInputMethodView.swift; sourceTree = "<group>"; };
		8E02CF892C6BFB43006E5B93 /* DietProgramView.swift */ = {isa = PBXFileReference; lastKnownFileType = sourcecode.swift; path = DietProgramView.swift; sourceTree = "<group>"; };
		8E02CF8B2C6C02E6006E5B93 /* OpenAIManager.swift */ = {isa = PBXFileReference; lastKnownFileType = sourcecode.swift; path = OpenAIManager.swift; sourceTree = "<group>"; };
		8E02CF932C6C7671006E5B93 /* MealCardElementView.swift */ = {isa = PBXFileReference; lastKnownFileType = sourcecode.swift; path = MealCardElementView.swift; sourceTree = "<group>"; };
		8E02CF952C6CC3F6006E5B93 /* CUILoadingView.swift */ = {isa = PBXFileReference; lastKnownFileType = sourcecode.swift; path = CUILoadingView.swift; sourceTree = "<group>"; };
		8E02CF972C6E0D79006E5B93 /* KeychainManager.swift */ = {isa = PBXFileReference; lastKnownFileType = sourcecode.swift; path = KeychainManager.swift; sourceTree = "<group>"; };
		8E02CF9C2C6E0FDC006E5B93 /* Constant.swift */ = {isa = PBXFileReference; lastKnownFileType = sourcecode.swift; path = Constant.swift; sourceTree = "<group>"; };
		8E02CF9E2C6E1E4E006E5B93 /* GoogleService-Info.plist */ = {isa = PBXFileReference; fileEncoding = 4; lastKnownFileType = text.plist.xml; path = "GoogleService-Info.plist"; sourceTree = "<group>"; };
		8E02CFAB2C6E1F47006E5B93 /* FirebaseRemoteConfigManager.swift */ = {isa = PBXFileReference; lastKnownFileType = sourcecode.swift; path = FirebaseRemoteConfigManager.swift; sourceTree = "<group>"; };
		8E02CFDD2C70FFEA006E5B93 /* LoginView.swift */ = {isa = PBXFileReference; lastKnownFileType = sourcecode.swift; path = LoginView.swift; sourceTree = "<group>"; };
		8E02CFDF2C71114B006E5B93 /* RegisterView.swift */ = {isa = PBXFileReference; lastKnownFileType = sourcecode.swift; path = RegisterView.swift; sourceTree = "<group>"; };
		8E02CFE42C711A93006E5B93 /* SwiftUIWrapper.swift */ = {isa = PBXFileReference; lastKnownFileType = sourcecode.swift; path = SwiftUIWrapper.swift; sourceTree = "<group>"; };
		8E02CFE62C711AC4006E5B93 /* Date+Ext.swift */ = {isa = PBXFileReference; lastKnownFileType = sourcecode.swift; path = "Date+Ext.swift"; sourceTree = "<group>"; };
		8E0B2C082C717EB4004DFCD8 /* NavigationUtil.swift */ = {isa = PBXFileReference; lastKnownFileType = sourcecode.swift; path = NavigationUtil.swift; sourceTree = "<group>"; };
		8E0B2C0A2C71846E004DFCD8 /* BindingRouter.swift */ = {isa = PBXFileReference; lastKnownFileType = sourcecode.swift; path = BindingRouter.swift; sourceTree = "<group>"; };
		8E0B2C0C2C71891C004DFCD8 /* AuthenticationManager.swift */ = {isa = PBXFileReference; lastKnownFileType = sourcecode.swift; path = AuthenticationManager.swift; sourceTree = "<group>"; };
		8E0B2C0E2C720B81004DFCD8 /* ConditionalOpacityAndDisableModifier.swift */ = {isa = PBXFileReference; lastKnownFileType = sourcecode.swift; path = ConditionalOpacityAndDisableModifier.swift; sourceTree = "<group>"; };
		8E0B2C112C720F35004DFCD8 /* SavedPlanView.swift */ = {isa = PBXFileReference; lastKnownFileType = sourcecode.swift; path = SavedPlanView.swift; sourceTree = "<group>"; };
		8E0B2C132C722007004DFCD8 /* DietPlanDetailView.swift */ = {isa = PBXFileReference; lastKnownFileType = sourcecode.swift; path = DietPlanDetailView.swift; sourceTree = "<group>"; };
		8E0B2C152C722450004DFCD8 /* DietPlanElement.swift */ = {isa = PBXFileReference; lastKnownFileType = sourcecode.swift; path = DietPlanElement.swift; sourceTree = "<group>"; };
		8E0B2C182C722C04004DFCD8 /* MainTabView.swift */ = {isa = PBXFileReference; lastKnownFileType = sourcecode.swift; path = MainTabView.swift; sourceTree = "<group>"; };
		8E0B2C1C2C722D2F004DFCD8 /* TabButton.swift */ = {isa = PBXFileReference; lastKnownFileType = sourcecode.swift; path = TabButton.swift; sourceTree = "<group>"; };
		8E36DC4C2C73F5A2005F58E4 /* CUIDivider.swift */ = {isa = PBXFileReference; lastKnownFileType = sourcecode.swift; path = CUIDivider.swift; sourceTree = "<group>"; };
		8E36DC4E2C750119005F58E4 /* KeyboardObserver.swift */ = {isa = PBXFileReference; lastKnownFileType = sourcecode.swift; path = KeyboardObserver.swift; sourceTree = "<group>"; };
		8E36DC502C7503F4005F58E4 /* TrackableScrollView.swift */ = {isa = PBXFileReference; lastKnownFileType = sourcecode.swift; path = TrackableScrollView.swift; sourceTree = "<group>"; };
		8E36DC522C750B67005F58E4 /* forgotPass_animation.json */ = {isa = PBXFileReference; fileEncoding = 4; lastKnownFileType = text.json; path = forgotPass_animation.json; sourceTree = "<group>"; };
		8E36DC562C750C64005F58E4 /* HealthKitPermissionView.swift */ = {isa = PBXFileReference; lastKnownFileType = sourcecode.swift; path = HealthKitPermissionView.swift; sourceTree = "<group>"; };
		8E47D1832C76887500A8C4B3 /* HealthKitPermissionVM.swift */ = {isa = PBXFileReference; lastKnownFileType = sourcecode.swift; path = HealthKitPermissionVM.swift; sourceTree = "<group>"; };
		8E47D1852C768B7E00A8C4B3 /* CUIDismissButton.swift */ = {isa = PBXFileReference; lastKnownFileType = sourcecode.swift; path = CUIDismissButton.swift; sourceTree = "<group>"; };
		8E47D1892C77285C00A8C4B3 /* CUIProgressView.swift */ = {isa = PBXFileReference; lastKnownFileType = sourcecode.swift; path = CUIProgressView.swift; sourceTree = "<group>"; };
		8E47D18B2C77455E00A8C4B3 /* HeightPickerView.swift */ = {isa = PBXFileReference; lastKnownFileType = sourcecode.swift; path = HeightPickerView.swift; sourceTree = "<group>"; };
		8E47D18D2C7748B000A8C4B3 /* VisualEffectBlur.swift */ = {isa = PBXFileReference; lastKnownFileType = sourcecode.swift; path = VisualEffectBlur.swift; sourceTree = "<group>"; };
		8E47D18F2C77592C00A8C4B3 /* NdHeightPickerModifier.swift */ = {isa = PBXFileReference; lastKnownFileType = sourcecode.swift; path = NdHeightPickerModifier.swift; sourceTree = "<group>"; };
		8E47D1912C776AA300A8C4B3 /* NdWeightPickerModifier.swift */ = {isa = PBXFileReference; lastKnownFileType = sourcecode.swift; path = NdWeightPickerModifier.swift; sourceTree = "<group>"; };
		8E47D1942C77C1F300A8C4B3 /* WeightPickerView.swift */ = {isa = PBXFileReference; lastKnownFileType = sourcecode.swift; path = WeightPickerView.swift; sourceTree = "<group>"; };
		8E47D1982C77C80100A8C4B3 /* HowActiveYouView.swift */ = {isa = PBXFileReference; lastKnownFileType = sourcecode.swift; path = HowActiveYouView.swift; sourceTree = "<group>"; };
		8E47D19A2C77C81200A8C4B3 /* HowActiveYouVM.swift */ = {isa = PBXFileReference; lastKnownFileType = sourcecode.swift; path = HowActiveYouVM.swift; sourceTree = "<group>"; };
		8E47D19C2C77C9E800A8C4B3 /* ActivityItems.swift */ = {isa = PBXFileReference; lastKnownFileType = sourcecode.swift; path = ActivityItems.swift; sourceTree = "<group>"; };
		8E47D19E2C77CBE500A8C4B3 /* ActivityElement.swift */ = {isa = PBXFileReference; lastKnownFileType = sourcecode.swift; path = ActivityElement.swift; sourceTree = "<group>"; };
		8EAEB05D2C73B6C500FD9713 /* LottieView.swift */ = {isa = PBXFileReference; lastKnownFileType = sourcecode.swift; path = LottieView.swift; sourceTree = "<group>"; };
		8EAEB0622C73B7B000FD9713 /* DietGenie_animation.json */ = {isa = PBXFileReference; fileEncoding = 4; lastKnownFileType = text.json; path = DietGenie_animation.json; sourceTree = "<group>"; };
		8EAEB0642C73B7E300FD9713 /* OnboardingView.swift */ = {isa = PBXFileReference; lastKnownFileType = sourcecode.swift; path = OnboardingView.swift; sourceTree = "<group>"; };
		8EAEB0672C73B83100FD9713 /* OnboardingVM.swift */ = {isa = PBXFileReference; lastKnownFileType = sourcecode.swift; path = OnboardingVM.swift; sourceTree = "<group>"; };
		8EAEB06B2C73C60A00FD9713 /* CustomEllipseShape.swift */ = {isa = PBXFileReference; lastKnownFileType = sourcecode.swift; path = CustomEllipseShape.swift; sourceTree = "<group>"; };
		8EAEB06F2C73CC4800FD9713 /* Montserrat-VariableFont_wght.ttf */ = {isa = PBXFileReference; lastKnownFileType = file; path = "Montserrat-VariableFont_wght.ttf"; sourceTree = "<group>"; };
		8EAEB0712C73CC6900FD9713 /* DietGenie-AI-Info.plist */ = {isa = PBXFileReference; lastKnownFileType = text.plist; path = "DietGenie-AI-Info.plist"; sourceTree = SOURCE_ROOT; };
		8EAEB0722C73CF6D00FD9713 /* Montserrat-Medium.ttf */ = {isa = PBXFileReference; lastKnownFileType = file; path = "Montserrat-Medium.ttf"; sourceTree = "<group>"; };
		8EAEB0742C73CF7700FD9713 /* Montserrat-Bold.ttf */ = {isa = PBXFileReference; lastKnownFileType = file; path = "Montserrat-Bold.ttf"; sourceTree = "<group>"; };
		8EAEB0762C73CF7E00FD9713 /* Montserrat-SemiBold.ttf */ = {isa = PBXFileReference; lastKnownFileType = file; path = "Montserrat-SemiBold.ttf"; sourceTree = "<group>"; };
		8EDFD1AA2C713E8D00CCA1C2 /* PasswordResetView.swift */ = {isa = PBXFileReference; lastKnownFileType = sourcecode.swift; path = PasswordResetView.swift; sourceTree = "<group>"; };
		8EDFD1AC2C714F4F00CCA1C2 /* LogoutButton.swift */ = {isa = PBXFileReference; lastKnownFileType = sourcecode.swift; path = LogoutButton.swift; sourceTree = "<group>"; };
		8EDFD1AE2C7154D900CCA1C2 /* CUIPasswordValidationField.swift */ = {isa = PBXFileReference; lastKnownFileType = sourcecode.swift; path = CUIPasswordValidationField.swift; sourceTree = "<group>"; };
		8EDFD1B02C715F2200CCA1C2 /* PurposeInputVM.swift */ = {isa = PBXFileReference; lastKnownFileType = sourcecode.swift; path = PurposeInputVM.swift; sourceTree = "<group>"; };
		8EDFD1B32C715FE800CCA1C2 /* DietProgramVM.swift */ = {isa = PBXFileReference; lastKnownFileType = sourcecode.swift; path = DietProgramVM.swift; sourceTree = "<group>"; };
		8EDFD1B92C71613E00CCA1C2 /* DetailsAboutMeVM.swift */ = {isa = PBXFileReference; lastKnownFileType = sourcecode.swift; path = DetailsAboutMeVM.swift; sourceTree = "<group>"; };
		8EDFD1BC2C7162A800CCA1C2 /* RegisterVM.swift */ = {isa = PBXFileReference; lastKnownFileType = sourcecode.swift; path = RegisterVM.swift; sourceTree = "<group>"; };
		8EDFD1BF2C7163C700CCA1C2 /* LoginVM.swift */ = {isa = PBXFileReference; lastKnownFileType = sourcecode.swift; path = LoginVM.swift; sourceTree = "<group>"; };
		8EE8D94D2C78CDB8000EC49B /* PurposeElement.swift */ = {isa = PBXFileReference; lastKnownFileType = sourcecode.swift; path = PurposeElement.swift; sourceTree = "<group>"; };
		8EE8D94F2C78CDC8000EC49B /* PurposeItems.swift */ = {isa = PBXFileReference; lastKnownFileType = sourcecode.swift; path = PurposeItems.swift; sourceTree = "<group>"; };
/* End PBXFileReference section */

/* Begin PBXFrameworksBuildPhase section */
		8E02CF312C6B8205006E5B93 /* Frameworks */ = {
			isa = PBXFrameworksBuildPhase;
			buildActionMask = 2147483647;
			files = (
				8E02CFDB2C6E20DE006E5B93 /* FirebaseVertexAI-Preview in Frameworks */,
				8E02CFC52C6E20DE006E5B93 /* FirebaseFirestoreCombine-Community in Frameworks */,
				8E02CFC72C6E20DE006E5B93 /* FirebaseFunctions in Frameworks */,
				8E02CFD32C6E20DE006E5B93 /* FirebasePerformance in Frameworks */,
				8E02CFD92C6E20DE006E5B93 /* FirebaseStorageCombine-Community in Frameworks */,
				8E02CFD52C6E20DE006E5B93 /* FirebaseRemoteConfig in Frameworks */,
				8E02CFBF2C6E20DE006E5B93 /* FirebaseDatabase in Frameworks */,
				8E02CFC12C6E20DE006E5B93 /* FirebaseDynamicLinks in Frameworks */,
				8E02CFAF2C6E20DE006E5B93 /* FirebaseAnalytics in Frameworks */,
				8E02CFB12C6E20DE006E5B93 /* FirebaseAnalyticsOnDeviceConversion in Frameworks */,
				8E02CF9B2C6E0E67006E5B93 /* KeychainSwift in Frameworks */,
				8E02CFC32C6E20DE006E5B93 /* FirebaseFirestore in Frameworks */,
				8E02CFD12C6E20DE006E5B93 /* FirebaseMessaging in Frameworks */,
				8E02CFCD2C6E20DE006E5B93 /* FirebaseInstallations in Frameworks */,
				8E02CFC92C6E20DE006E5B93 /* FirebaseFunctionsCombine-Community in Frameworks */,
				8EAEB0612C73B79800FD9713 /* Lottie in Frameworks */,
				8E02CFB52C6E20DE006E5B93 /* FirebaseAppCheck in Frameworks */,
				8E02CFB32C6E20DE006E5B93 /* FirebaseAnalyticsWithoutAdIdSupport in Frameworks */,
				8E02CFCB2C6E20DE006E5B93 /* FirebaseInAppMessaging-Beta in Frameworks */,
				8E02CFB92C6E20DE006E5B93 /* FirebaseAuth in Frameworks */,
				8E02CFBD2C6E20DE006E5B93 /* FirebaseCrashlytics in Frameworks */,
				8E02CFCF2C6E20DE006E5B93 /* FirebaseMLModelDownloader in Frameworks */,
				8E02CFD72C6E20DE006E5B93 /* FirebaseStorage in Frameworks */,
				8E02CFB72C6E20DE006E5B93 /* FirebaseAppDistribution-Beta in Frameworks */,
				8E02CFBB2C6E20DE006E5B93 /* FirebaseAuthCombine-Community in Frameworks */,
			);
			runOnlyForDeploymentPostprocessing = 0;
		};
/* End PBXFrameworksBuildPhase section */

/* Begin PBXGroup section */
		8E02CF2B2C6B8205006E5B93 = {
			isa = PBXGroup;
			children = (
				8E0B2C172C722BEC004DFCD8 /* Controller */,
				8E02CFE12C7119FF006E5B93 /* Modifier */,
				8E02CF9E2C6E1E4E006E5B93 /* GoogleService-Info.plist */,
				8E02CF362C6B8205006E5B93 /* DietGenie AI */,
				8E02CF352C6B8205006E5B93 /* Products */,
			);
			sourceTree = "<group>";
		};
		8E02CF352C6B8205006E5B93 /* Products */ = {
			isa = PBXGroup;
			children = (
				8E02CF342C6B8205006E5B93 /* DietGenie AI.app */,
			);
			name = Products;
			sourceTree = "<group>";
		};
		8E02CF362C6B8205006E5B93 /* DietGenie AI */ = {
			isa = PBXGroup;
			children = (
				8EAEB0712C73CC6900FD9713 /* DietGenie-AI-Info.plist */,
				8E02CFDC2C70FFC2006E5B93 /* RegisterLogin */,
				8E02CF842C6BB79E006E5B93 /* Manager */,
				8E02CF832C6BB6F3006E5B93 /* DietGenie AI.entitlements */,
				8E02CF642C6B889F006E5B93 /* Utilities */,
				8E02CF532C6B84EC006E5B93 /* Dropdown */,
				8E02CF4E2C6B846B006E5B93 /* Color */,
				8E02CF4B2C6B8424006E5B93 /* Extension */,
				8E02CF482C6B83EC006E5B93 /* Base */,
				8E02CF452C6B831D006E5B93 /* InputFlow */,
				8E02CF372C6B8205006E5B93 /* DietGenie_AIApp.swift */,
				8E02CF392C6B8205006E5B93 /* ContentView.swift */,
				8E02CF3B2C6B8207006E5B93 /* Assets.xcassets */,
				8E02CF3D2C6B8207006E5B93 /* Preview Content */,
			);
			path = "DietGenie AI";
			sourceTree = "<group>";
		};
		8E02CF3D2C6B8207006E5B93 /* Preview Content */ = {
			isa = PBXGroup;
			children = (
				8E02CF3E2C6B8207006E5B93 /* Preview Assets.xcassets */,
			);
			path = "Preview Content";
			sourceTree = "<group>";
		};
		8E02CF452C6B831D006E5B93 /* InputFlow */ = {
			isa = PBXGroup;
			children = (
				8E36DC552C750C3D005F58E4 /* HealthKitPermission */,
				8EDFD1BB2C7161E400CCA1C2 /* DetailsAboutMe */,
				8E47D1972C77C7E600A8C4B3 /* HowActive */,
				8E0B2C102C720F25004DFCD8 /* SavedPlan */,
				8EDFD1C22C7164BF00CCA1C2 /* SelectInput */,
				8EDFD1B22C715FC200CCA1C2 /* Purpose */,
				8EDFD1B52C71601900CCA1C2 /* DietProgram */,
			);
			path = InputFlow;
			sourceTree = "<group>";
		};
		8E02CF482C6B83EC006E5B93 /* Base */ = {
			isa = PBXGroup;
			children = (
				8E02CF492C6B83FF006E5B93 /* BaseView.swift */,
				8E02CF512C6B84B7006E5B93 /* BaseViewModel.swift */,
				8E02CF772C6BA91C006E5B93 /* UserInputModel.swift */,
				8E02CF812C6BB2D8006E5B93 /* ValidatorHelper.swift */,
				8E02CF952C6CC3F6006E5B93 /* CUILoadingView.swift */,
				8E0B2C082C717EB4004DFCD8 /* NavigationUtil.swift */,
				8E0B2C0A2C71846E004DFCD8 /* BindingRouter.swift */,
			);
			path = Base;
			sourceTree = "<group>";
		};
		8E02CF4B2C6B8424006E5B93 /* Extension */ = {
			isa = PBXGroup;
			children = (
				8E02CF4C2C6B8440006E5B93 /* Color+Ext.swift */,
				8E02CF582C6B856B006E5B93 /* Font+Ext.swift */,
				8E02CF5E2C6B8746006E5B93 /* Screen+Ext.swift */,
				8E02CF602C6B87A3006E5B93 /* View+Ext.swift */,
				8E02CF692C6B89B9006E5B93 /* String+Ext.swift */,
				8E02CFE62C711AC4006E5B93 /* Date+Ext.swift */,
			);
			path = Extension;
			sourceTree = "<group>";
		};
		8E02CF4E2C6B846B006E5B93 /* Color */ = {
			isa = PBXGroup;
			children = (
				8E02CF4F2C6B8486006E5B93 /* ColorScheme.swift */,
				8EAEB0762C73CF7E00FD9713 /* Montserrat-SemiBold.ttf */,
				8EAEB0742C73CF7700FD9713 /* Montserrat-Bold.ttf */,
				8EAEB0722C73CF6D00FD9713 /* Montserrat-Medium.ttf */,
				8EAEB06F2C73CC4800FD9713 /* Montserrat-VariableFont_wght.ttf */,
			);
			path = Color;
			sourceTree = "<group>";
		};
		8E02CF532C6B84EC006E5B93 /* Dropdown */ = {
			isa = PBXGroup;
			children = (
				8E02CF542C6B8506006E5B93 /* CUIDropDownElement.swift */,
				8E02CF562C6B8542006E5B93 /* CUIDropDown.swift */,
				8E02CF5C2C6B86A9006E5B93 /* ItemHeightPreferenceKey.swift */,
				8E02CF672C6B8993006E5B93 /* CUIDropdownField.swift */,
				8E02CF6B2C6B8A8D006E5B93 /* CUISearchBar.swift */,
			);
			path = Dropdown;
			sourceTree = "<group>";
		};
		8E02CF642C6B889F006E5B93 /* Utilities */ = {
			isa = PBXGroup;
			children = (
				8E47D1962C77C24300A8C4B3 /* Modifier */,
				8E47D1932C77C1DF00A8C4B3 /* Picker */,
				8E36DC522C750B67005F58E4 /* forgotPass_animation.json */,
				8EAEB0622C73B7B000FD9713 /* DietGenie_animation.json */,
				8E02CF652C6B88BB006E5B93 /* BackgroundBlurView.swift */,
				8E02CF6F2C6B94C3006E5B93 /* SegmentedControlView.swift */,
				8E02CF712C6B9F36006E5B93 /* CUILeftHeadline.swift */,
				8E02CF732C6BA020006E5B93 /* CUIButton.swift */,
				8E02CF7B2C6BACD6006E5B93 /* CUIBackButton.swift */,
				8E02CF7D2C6BB0ED006E5B93 /* CUIValidationField.swift */,
				8EDFD1AE2C7154D900CCA1C2 /* CUIPasswordValidationField.swift */,
				8E02CF7F2C6BB137006E5B93 /* CUIDefaultTextField.swift */,
				8E02CF9C2C6E0FDC006E5B93 /* Constant.swift */,
				8E02CFE42C711A93006E5B93 /* SwiftUIWrapper.swift */,
				8EDFD1AC2C714F4F00CCA1C2 /* LogoutButton.swift */,
				8E0B2C1C2C722D2F004DFCD8 /* TabButton.swift */,
				8EAEB05D2C73B6C500FD9713 /* LottieView.swift */,
				8EAEB06B2C73C60A00FD9713 /* CustomEllipseShape.swift */,
				8E36DC4C2C73F5A2005F58E4 /* CUIDivider.swift */,
				8E36DC4E2C750119005F58E4 /* KeyboardObserver.swift */,
				8E36DC502C7503F4005F58E4 /* TrackableScrollView.swift */,
				8E47D1852C768B7E00A8C4B3 /* CUIDismissButton.swift */,
				8E47D1892C77285C00A8C4B3 /* CUIProgressView.swift */,
				8E47D18D2C7748B000A8C4B3 /* VisualEffectBlur.swift */,
			);
			path = Utilities;
			sourceTree = "<group>";
		};
		8E02CF842C6BB79E006E5B93 /* Manager */ = {
			isa = PBXGroup;
			children = (
				8E02CF852C6BB7B1006E5B93 /* HealthKitManager.swift */,
				8E02CF8B2C6C02E6006E5B93 /* OpenAIManager.swift */,
				8E02CF972C6E0D79006E5B93 /* KeychainManager.swift */,
				8E02CFAB2C6E1F47006E5B93 /* FirebaseRemoteConfigManager.swift */,
				8E0B2C0C2C71891C004DFCD8 /* AuthenticationManager.swift */,
			);
			path = Manager;
			sourceTree = "<group>";
		};
		8E02CFDC2C70FFC2006E5B93 /* RegisterLogin */ = {
			isa = PBXGroup;
			children = (
				8EAEB0662C73B81D00FD9713 /* Onboarding */,
				8EDFD1C12C71642500CCA1C2 /* Welcome */,
				8EDFD1BE2C71633400CCA1C2 /* Register */,
				8EDFD1AA2C713E8D00CCA1C2 /* PasswordResetView.swift */,
			);
			path = RegisterLogin;
			sourceTree = "<group>";
		};
		8E02CFE12C7119FF006E5B93 /* Modifier */ = {
			isa = PBXGroup;
			children = (
				8E0B2C0E2C720B81004DFCD8 /* ConditionalOpacityAndDisableModifier.swift */,
			);
			path = Modifier;
			sourceTree = "<group>";
		};
		8E0B2C102C720F25004DFCD8 /* SavedPlan */ = {
			isa = PBXGroup;
			children = (
				8E0B2C112C720F35004DFCD8 /* SavedPlanView.swift */,
				8E0B2C132C722007004DFCD8 /* DietPlanDetailView.swift */,
				8E0B2C152C722450004DFCD8 /* DietPlanElement.swift */,
			);
			name = SavedPlan;
			sourceTree = "<group>";
		};
		8E0B2C172C722BEC004DFCD8 /* Controller */ = {
			isa = PBXGroup;
			children = (
				8E0B2C182C722C04004DFCD8 /* MainTabView.swift */,
			);
			path = Controller;
			sourceTree = "<group>";
		};
		8E36DC552C750C3D005F58E4 /* HealthKitPermission */ = {
			isa = PBXGroup;
			children = (
				8E36DC562C750C64005F58E4 /* HealthKitPermissionView.swift */,
				8E47D1832C76887500A8C4B3 /* HealthKitPermissionVM.swift */,
			);
			name = HealthKitPermission;
			sourceTree = "<group>";
		};
		8E47D1932C77C1DF00A8C4B3 /* Picker */ = {
			isa = PBXGroup;
			children = (
				8E47D18B2C77455E00A8C4B3 /* HeightPickerView.swift */,
				8E47D1942C77C1F300A8C4B3 /* WeightPickerView.swift */,
			);
			path = Picker;
			sourceTree = "<group>";
		};
		8E47D1962C77C24300A8C4B3 /* Modifier */ = {
			isa = PBXGroup;
			children = (
				8E47D1912C776AA300A8C4B3 /* NdWeightPickerModifier.swift */,
				8E47D18F2C77592C00A8C4B3 /* NdHeightPickerModifier.swift */,
				8E02CF622C6B8885006E5B93 /* NdDropdownModifier.swift */,
			);
			path = Modifier;
			sourceTree = "<group>";
		};
		8E47D1972C77C7E600A8C4B3 /* HowActive */ = {
			isa = PBXGroup;
			children = (
				8E47D1982C77C80100A8C4B3 /* HowActiveYouView.swift */,
				8E47D19A2C77C81200A8C4B3 /* HowActiveYouVM.swift */,
				8E47D19C2C77C9E800A8C4B3 /* ActivityItems.swift */,
				8E47D19E2C77CBE500A8C4B3 /* ActivityElement.swift */,
			);
			name = HowActive;
			sourceTree = "<group>";
		};
		8EAEB0662C73B81D00FD9713 /* Onboarding */ = {
			isa = PBXGroup;
			children = (
				8EAEB0642C73B7E300FD9713 /* OnboardingView.swift */,
				8EAEB0672C73B83100FD9713 /* OnboardingVM.swift */,
			);
			path = Onboarding;
			sourceTree = "<group>";
		};
		8EDFD1B22C715FC200CCA1C2 /* Purpose */ = {
			isa = PBXGroup;
			children = (
				8E02CF752C6BA882006E5B93 /* PurposeInputView.swift */,
				8EDFD1B02C715F2200CCA1C2 /* PurposeInputVM.swift */,
				8EE8D94D2C78CDB8000EC49B /* PurposeElement.swift */,
				8EE8D94F2C78CDC8000EC49B /* PurposeItems.swift */,
			);
			name = Purpose;
			sourceTree = "<group>";
		};
		8EDFD1B52C71601900CCA1C2 /* DietProgram */ = {
			isa = PBXGroup;
			children = (
				8E02CF932C6C7671006E5B93 /* MealCardElementView.swift */,
				8E02CF892C6BFB43006E5B93 /* DietProgramView.swift */,
				8EDFD1B32C715FE800CCA1C2 /* DietProgramVM.swift */,
			);
			name = DietProgram;
			sourceTree = "<group>";
		};
		8EDFD1BB2C7161E400CCA1C2 /* DetailsAboutMe */ = {
			isa = PBXGroup;
			children = (
				8E02CF792C6BAAB4006E5B93 /* DetailsAboutMeView.swift */,
				8EDFD1B92C71613E00CCA1C2 /* DetailsAboutMeVM.swift */,
			);
			path = DetailsAboutMe;
			sourceTree = "<group>";
		};
		8EDFD1BE2C71633400CCA1C2 /* Register */ = {
			isa = PBXGroup;
			children = (
				8E02CFDF2C71114B006E5B93 /* RegisterView.swift */,
				8EDFD1BC2C7162A800CCA1C2 /* RegisterVM.swift */,
			);
			path = Register;
			sourceTree = "<group>";
		};
		8EDFD1C12C71642500CCA1C2 /* Welcome */ = {
			isa = PBXGroup;
			children = (
				8E02CFDD2C70FFEA006E5B93 /* LoginView.swift */,
				8EDFD1BF2C7163C700CCA1C2 /* LoginVM.swift */,
			);
			path = Welcome;
			sourceTree = "<group>";
		};
		8EDFD1C22C7164BF00CCA1C2 /* SelectInput */ = {
			isa = PBXGroup;
			children = (
				8E02CF872C6BF777006E5B93 /* SelectInputMethodView.swift */,
				8E02CF5A2C6B860B006E5B93 /* SelectInputMethodVM.swift */,
			);
			path = SelectInput;
			sourceTree = "<group>";
		};
/* End PBXGroup section */

/* Begin PBXNativeTarget section */
		8E02CF332C6B8205006E5B93 /* DietGenie AI */ = {
			isa = PBXNativeTarget;
			buildConfigurationList = 8E02CF422C6B8207006E5B93 /* Build configuration list for PBXNativeTarget "DietGenie AI" */;
			buildPhases = (
				8E02CF302C6B8205006E5B93 /* Sources */,
				8E02CF312C6B8205006E5B93 /* Frameworks */,
				8E02CF322C6B8205006E5B93 /* Resources */,
			);
			buildRules = (
			);
			dependencies = (
			);
			name = "DietGenie AI";
			packageProductDependencies = (
				8E02CF9A2C6E0E67006E5B93 /* KeychainSwift */,
				8E02CFAE2C6E20DE006E5B93 /* FirebaseAnalytics */,
				8E02CFB02C6E20DE006E5B93 /* FirebaseAnalyticsOnDeviceConversion */,
				8E02CFB22C6E20DE006E5B93 /* FirebaseAnalyticsWithoutAdIdSupport */,
				8E02CFB42C6E20DE006E5B93 /* FirebaseAppCheck */,
				8E02CFB62C6E20DE006E5B93 /* FirebaseAppDistribution-Beta */,
				8E02CFB82C6E20DE006E5B93 /* FirebaseAuth */,
				8E02CFBA2C6E20DE006E5B93 /* FirebaseAuthCombine-Community */,
				8E02CFBC2C6E20DE006E5B93 /* FirebaseCrashlytics */,
				8E02CFBE2C6E20DE006E5B93 /* FirebaseDatabase */,
				8E02CFC02C6E20DE006E5B93 /* FirebaseDynamicLinks */,
				8E02CFC22C6E20DE006E5B93 /* FirebaseFirestore */,
				8E02CFC42C6E20DE006E5B93 /* FirebaseFirestoreCombine-Community */,
				8E02CFC62C6E20DE006E5B93 /* FirebaseFunctions */,
				8E02CFC82C6E20DE006E5B93 /* FirebaseFunctionsCombine-Community */,
				8E02CFCA2C6E20DE006E5B93 /* FirebaseInAppMessaging-Beta */,
				8E02CFCC2C6E20DE006E5B93 /* FirebaseInstallations */,
				8E02CFCE2C6E20DE006E5B93 /* FirebaseMLModelDownloader */,
				8E02CFD02C6E20DE006E5B93 /* FirebaseMessaging */,
				8E02CFD22C6E20DE006E5B93 /* FirebasePerformance */,
				8E02CFD42C6E20DE006E5B93 /* FirebaseRemoteConfig */,
				8E02CFD62C6E20DE006E5B93 /* FirebaseStorage */,
				8E02CFD82C6E20DE006E5B93 /* FirebaseStorageCombine-Community */,
				8E02CFDA2C6E20DE006E5B93 /* FirebaseVertexAI-Preview */,
				8EAEB0602C73B79800FD9713 /* Lottie */,
			);
			productName = "DietGenie AI";
			productReference = 8E02CF342C6B8205006E5B93 /* DietGenie AI.app */;
			productType = "com.apple.product-type.application";
		};
/* End PBXNativeTarget section */

/* Begin PBXProject section */
		8E02CF2C2C6B8205006E5B93 /* Project object */ = {
			isa = PBXProject;
			attributes = {
				BuildIndependentTargetsInParallel = 1;
				LastSwiftUpdateCheck = 1520;
				LastUpgradeCheck = 1520;
				TargetAttributes = {
					8E02CF332C6B8205006E5B93 = {
						CreatedOnToolsVersion = 15.2;
					};
				};
			};
			buildConfigurationList = 8E02CF2F2C6B8205006E5B93 /* Build configuration list for PBXProject "DietGenie AI" */;
			compatibilityVersion = "Xcode 14.0";
			developmentRegion = en;
			hasScannedForEncodings = 0;
			knownRegions = (
				en,
				Base,
			);
			mainGroup = 8E02CF2B2C6B8205006E5B93;
			packageReferences = (
				8E02CF992C6E0E67006E5B93 /* XCRemoteSwiftPackageReference "keychain-swift" */,
				8E02CFAD2C6E20DE006E5B93 /* XCRemoteSwiftPackageReference "firebase-ios-sdk" */,
				8EAEB05F2C73B79800FD9713 /* XCRemoteSwiftPackageReference "lottie-ios" */,
			);
			productRefGroup = 8E02CF352C6B8205006E5B93 /* Products */;
			projectDirPath = "";
			projectRoot = "";
			targets = (
				8E02CF332C6B8205006E5B93 /* DietGenie AI */,
			);
		};
/* End PBXProject section */

/* Begin PBXResourcesBuildPhase section */
		8E02CF322C6B8205006E5B93 /* Resources */ = {
			isa = PBXResourcesBuildPhase;
			buildActionMask = 2147483647;
			files = (
				8E02CF3F2C6B8207006E5B93 /* Preview Assets.xcassets in Resources */,
				8EAEB0632C73B7B000FD9713 /* DietGenie_animation.json in Resources */,
				8E02CF3C2C6B8207006E5B93 /* Assets.xcassets in Resources */,
				8E02CF9F2C6E1E4E006E5B93 /* GoogleService-Info.plist in Resources */,
				8EAEB0732C73CF6D00FD9713 /* Montserrat-Medium.ttf in Resources */,
				8E36DC532C750B67005F58E4 /* forgotPass_animation.json in Resources */,
				8EAEB0702C73CC4800FD9713 /* Montserrat-VariableFont_wght.ttf in Resources */,
				8EAEB0772C73CF7E00FD9713 /* Montserrat-SemiBold.ttf in Resources */,
				8EAEB0752C73CF7700FD9713 /* Montserrat-Bold.ttf in Resources */,
			);
			runOnlyForDeploymentPostprocessing = 0;
		};
/* End PBXResourcesBuildPhase section */

/* Begin PBXSourcesBuildPhase section */
		8E02CF302C6B8205006E5B93 /* Sources */ = {
			isa = PBXSourcesBuildPhase;
			buildActionMask = 2147483647;
			files = (
				8E02CF6A2C6B89B9006E5B93 /* String+Ext.swift in Sources */,
				8E02CF612C6B87A3006E5B93 /* View+Ext.swift in Sources */,
				8E02CF682C6B8993006E5B93 /* CUIDropdownField.swift in Sources */,
				8E47D1992C77C80100A8C4B3 /* HowActiveYouView.swift in Sources */,
				8E0B2C0B2C71846E004DFCD8 /* BindingRouter.swift in Sources */,
				8E47D18E2C7748B000A8C4B3 /* VisualEffectBlur.swift in Sources */,
				8EDFD1BD2C7162A800CCA1C2 /* RegisterVM.swift in Sources */,
				8E0B2C092C717EB4004DFCD8 /* NavigationUtil.swift in Sources */,
				8E02CFE72C711AC4006E5B93 /* Date+Ext.swift in Sources */,
				8EDFD1B12C715F2200CCA1C2 /* PurposeInputVM.swift in Sources */,
				8E0B2C0F2C720B81004DFCD8 /* ConditionalOpacityAndDisableModifier.swift in Sources */,
				8E02CFE52C711A93006E5B93 /* SwiftUIWrapper.swift in Sources */,
				8E47D1842C76887500A8C4B3 /* HealthKitPermissionVM.swift in Sources */,
				8E02CF9D2C6E0FDC006E5B93 /* Constant.swift in Sources */,
				8EAEB0682C73B83100FD9713 /* OnboardingVM.swift in Sources */,
				8E02CF662C6B88BB006E5B93 /* BackgroundBlurView.swift in Sources */,
				8E02CFDE2C70FFEA006E5B93 /* LoginView.swift in Sources */,
				8E02CF382C6B8205006E5B93 /* DietGenie_AIApp.swift in Sources */,
				8E0B2C122C720F35004DFCD8 /* SavedPlanView.swift in Sources */,
				8E02CF882C6BF777006E5B93 /* SelectInputMethodView.swift in Sources */,
				8E47D18A2C77285C00A8C4B3 /* CUIProgressView.swift in Sources */,
				8EDFD1B42C715FE800CCA1C2 /* DietProgramVM.swift in Sources */,
				8EDFD1BA2C71613E00CCA1C2 /* DetailsAboutMeVM.swift in Sources */,
				8E02CF802C6BB137006E5B93 /* CUIDefaultTextField.swift in Sources */,
				8E02CF8A2C6BFB43006E5B93 /* DietProgramView.swift in Sources */,
				8E02CF862C6BB7B1006E5B93 /* HealthKitManager.swift in Sources */,
				8E02CF742C6BA020006E5B93 /* CUIButton.swift in Sources */,
				8E02CF522C6B84B7006E5B93 /* BaseViewModel.swift in Sources */,
				8E36DC512C7503F4005F58E4 /* TrackableScrollView.swift in Sources */,
				8E36DC572C750C64005F58E4 /* HealthKitPermissionView.swift in Sources */,
				8EAEB05E2C73B6C500FD9713 /* LottieView.swift in Sources */,
				8E02CF5D2C6B86A9006E5B93 /* ItemHeightPreferenceKey.swift in Sources */,
				8E0B2C162C722450004DFCD8 /* DietPlanElement.swift in Sources */,
				8E47D18C2C77455E00A8C4B3 /* HeightPickerView.swift in Sources */,
				8E02CF702C6B94C3006E5B93 /* SegmentedControlView.swift in Sources */,
				8EE8D94E2C78CDB8000EC49B /* PurposeElement.swift in Sources */,
				8EDFD1AD2C714F4F00CCA1C2 /* LogoutButton.swift in Sources */,
				8E02CF4A2C6B83FF006E5B93 /* BaseView.swift in Sources */,
				8E02CF8C2C6C02E6006E5B93 /* OpenAIManager.swift in Sources */,
				8E02CF762C6BA882006E5B93 /* PurposeInputView.swift in Sources */,
				8E02CF822C6BB2D8006E5B93 /* ValidatorHelper.swift in Sources */,
				8E02CFE02C71114B006E5B93 /* RegisterView.swift in Sources */,
				8E47D19B2C77C81200A8C4B3 /* HowActiveYouVM.swift in Sources */,
				8E02CF722C6B9F36006E5B93 /* CUILeftHeadline.swift in Sources */,
				8E47D19D2C77C9E800A8C4B3 /* ActivityItems.swift in Sources */,
				8EDFD1AB2C713E8D00CCA1C2 /* PasswordResetView.swift in Sources */,
				8E02CF7E2C6BB0ED006E5B93 /* CUIValidationField.swift in Sources */,
				8E02CF502C6B8486006E5B93 /* ColorScheme.swift in Sources */,
				8EDFD1AF2C7154D900CCA1C2 /* CUIPasswordValidationField.swift in Sources */,
				8EDFD1C02C7163C700CCA1C2 /* LoginVM.swift in Sources */,
				8E02CF782C6BA91C006E5B93 /* UserInputModel.swift in Sources */,
				8E0B2C192C722C04004DFCD8 /* MainTabView.swift in Sources */,
				8E02CF7A2C6BAAB4006E5B93 /* DetailsAboutMeView.swift in Sources */,
				8E02CF632C6B8885006E5B93 /* NdDropdownModifier.swift in Sources */,
				8EAEB06C2C73C60A00FD9713 /* CustomEllipseShape.swift in Sources */,
				8E36DC4F2C750119005F58E4 /* KeyboardObserver.swift in Sources */,
				8E0B2C1D2C722D2F004DFCD8 /* TabButton.swift in Sources */,
				8E0B2C0D2C71891C004DFCD8 /* AuthenticationManager.swift in Sources */,
				8E02CFAC2C6E1F47006E5B93 /* FirebaseRemoteConfigManager.swift in Sources */,
				8E47D1902C77592C00A8C4B3 /* NdHeightPickerModifier.swift in Sources */,
				8E47D19F2C77CBE500A8C4B3 /* ActivityElement.swift in Sources */,
				8EE8D9502C78CDC8000EC49B /* PurposeItems.swift in Sources */,
				8E02CF5F2C6B8746006E5B93 /* Screen+Ext.swift in Sources */,
				8E47D1922C776AA300A8C4B3 /* NdWeightPickerModifier.swift in Sources */,
				8E47D1952C77C1F300A8C4B3 /* WeightPickerView.swift in Sources */,
				8E02CF6C2C6B8A8D006E5B93 /* CUISearchBar.swift in Sources */,
				8E47D1862C768B7E00A8C4B3 /* CUIDismissButton.swift in Sources */,
				8E0B2C072C71710C004DFCD8 /* ContentView.swift in Sources */,
				8EAEB0652C73B7E300FD9713 /* OnboardingView.swift in Sources */,
				8E02CF4D2C6B8440006E5B93 /* Color+Ext.swift in Sources */,
				8E02CF942C6C7671006E5B93 /* MealCardElementView.swift in Sources */,
				8E02CF572C6B8542006E5B93 /* CUIDropDown.swift in Sources */,
				8E02CF962C6CC3F6006E5B93 /* CUILoadingView.swift in Sources */,
				8E02CF982C6E0D79006E5B93 /* KeychainManager.swift in Sources */,
				8E02CF7C2C6BACD6006E5B93 /* CUIBackButton.swift in Sources */,
				8E02CF592C6B856B006E5B93 /* Font+Ext.swift in Sources */,
				8E36DC4D2C73F5A2005F58E4 /* CUIDivider.swift in Sources */,
				8E0B2C142C722007004DFCD8 /* DietPlanDetailView.swift in Sources */,
				8E02CF552C6B8506006E5B93 /* CUIDropDownElement.swift in Sources */,
				8E02CF5B2C6B860B006E5B93 /* SelectInputMethodVM.swift in Sources */,
			);
			runOnlyForDeploymentPostprocessing = 0;
		};
/* End PBXSourcesBuildPhase section */

/* Begin XCBuildConfiguration section */
		8E02CF402C6B8207006E5B93 /* Debug */ = {
			isa = XCBuildConfiguration;
			buildSettings = {
				ALWAYS_SEARCH_USER_PATHS = NO;
				ASSETCATALOG_COMPILER_GENERATE_SWIFT_ASSET_SYMBOL_EXTENSIONS = YES;
				CLANG_ANALYZER_NONNULL = YES;
				CLANG_ANALYZER_NUMBER_OBJECT_CONVERSION = YES_AGGRESSIVE;
				CLANG_CXX_LANGUAGE_STANDARD = "gnu++20";
				CLANG_ENABLE_MODULES = YES;
				CLANG_ENABLE_OBJC_ARC = YES;
				CLANG_ENABLE_OBJC_WEAK = YES;
				CLANG_WARN_BLOCK_CAPTURE_AUTORELEASING = YES;
				CLANG_WARN_BOOL_CONVERSION = YES;
				CLANG_WARN_COMMA = YES;
				CLANG_WARN_CONSTANT_CONVERSION = YES;
				CLANG_WARN_DEPRECATED_OBJC_IMPLEMENTATIONS = YES;
				CLANG_WARN_DIRECT_OBJC_ISA_USAGE = YES_ERROR;
				CLANG_WARN_DOCUMENTATION_COMMENTS = YES;
				CLANG_WARN_EMPTY_BODY = YES;
				CLANG_WARN_ENUM_CONVERSION = YES;
				CLANG_WARN_INFINITE_RECURSION = YES;
				CLANG_WARN_INT_CONVERSION = YES;
				CLANG_WARN_NON_LITERAL_NULL_CONVERSION = YES;
				CLANG_WARN_OBJC_IMPLICIT_RETAIN_SELF = YES;
				CLANG_WARN_OBJC_LITERAL_CONVERSION = YES;
				CLANG_WARN_OBJC_ROOT_CLASS = YES_ERROR;
				CLANG_WARN_QUOTED_INCLUDE_IN_FRAMEWORK_HEADER = YES;
				CLANG_WARN_RANGE_LOOP_ANALYSIS = YES;
				CLANG_WARN_STRICT_PROTOTYPES = YES;
				CLANG_WARN_SUSPICIOUS_MOVE = YES;
				CLANG_WARN_UNGUARDED_AVAILABILITY = YES_AGGRESSIVE;
				CLANG_WARN_UNREACHABLE_CODE = YES;
				CLANG_WARN__DUPLICATE_METHOD_MATCH = YES;
				COPY_PHASE_STRIP = NO;
				DEBUG_INFORMATION_FORMAT = dwarf;
				ENABLE_STRICT_OBJC_MSGSEND = YES;
				ENABLE_TESTABILITY = YES;
				ENABLE_USER_SCRIPT_SANDBOXING = YES;
				GCC_C_LANGUAGE_STANDARD = gnu17;
				GCC_DYNAMIC_NO_PIC = NO;
				GCC_NO_COMMON_BLOCKS = YES;
				GCC_OPTIMIZATION_LEVEL = 0;
				GCC_PREPROCESSOR_DEFINITIONS = (
					"DEBUG=1",
					"$(inherited)",
				);
				GCC_WARN_64_TO_32_BIT_CONVERSION = YES;
				GCC_WARN_ABOUT_RETURN_TYPE = YES_ERROR;
				GCC_WARN_UNDECLARED_SELECTOR = YES;
				GCC_WARN_UNINITIALIZED_AUTOS = YES_AGGRESSIVE;
				GCC_WARN_UNUSED_FUNCTION = YES;
				GCC_WARN_UNUSED_VARIABLE = YES;
				IPHONEOS_DEPLOYMENT_TARGET = 17.2;
				LOCALIZATION_PREFERS_STRING_CATALOGS = YES;
				MTL_ENABLE_DEBUG_INFO = INCLUDE_SOURCE;
				MTL_FAST_MATH = YES;
				ONLY_ACTIVE_ARCH = YES;
				SDKROOT = iphoneos;
				SWIFT_ACTIVE_COMPILATION_CONDITIONS = "DEBUG $(inherited)";
				SWIFT_OPTIMIZATION_LEVEL = "-Onone";
			};
			name = Debug;
		};
		8E02CF412C6B8207006E5B93 /* Release */ = {
			isa = XCBuildConfiguration;
			buildSettings = {
				ALWAYS_SEARCH_USER_PATHS = NO;
				ASSETCATALOG_COMPILER_GENERATE_SWIFT_ASSET_SYMBOL_EXTENSIONS = YES;
				CLANG_ANALYZER_NONNULL = YES;
				CLANG_ANALYZER_NUMBER_OBJECT_CONVERSION = YES_AGGRESSIVE;
				CLANG_CXX_LANGUAGE_STANDARD = "gnu++20";
				CLANG_ENABLE_MODULES = YES;
				CLANG_ENABLE_OBJC_ARC = YES;
				CLANG_ENABLE_OBJC_WEAK = YES;
				CLANG_WARN_BLOCK_CAPTURE_AUTORELEASING = YES;
				CLANG_WARN_BOOL_CONVERSION = YES;
				CLANG_WARN_COMMA = YES;
				CLANG_WARN_CONSTANT_CONVERSION = YES;
				CLANG_WARN_DEPRECATED_OBJC_IMPLEMENTATIONS = YES;
				CLANG_WARN_DIRECT_OBJC_ISA_USAGE = YES_ERROR;
				CLANG_WARN_DOCUMENTATION_COMMENTS = YES;
				CLANG_WARN_EMPTY_BODY = YES;
				CLANG_WARN_ENUM_CONVERSION = YES;
				CLANG_WARN_INFINITE_RECURSION = YES;
				CLANG_WARN_INT_CONVERSION = YES;
				CLANG_WARN_NON_LITERAL_NULL_CONVERSION = YES;
				CLANG_WARN_OBJC_IMPLICIT_RETAIN_SELF = YES;
				CLANG_WARN_OBJC_LITERAL_CONVERSION = YES;
				CLANG_WARN_OBJC_ROOT_CLASS = YES_ERROR;
				CLANG_WARN_QUOTED_INCLUDE_IN_FRAMEWORK_HEADER = YES;
				CLANG_WARN_RANGE_LOOP_ANALYSIS = YES;
				CLANG_WARN_STRICT_PROTOTYPES = YES;
				CLANG_WARN_SUSPICIOUS_MOVE = YES;
				CLANG_WARN_UNGUARDED_AVAILABILITY = YES_AGGRESSIVE;
				CLANG_WARN_UNREACHABLE_CODE = YES;
				CLANG_WARN__DUPLICATE_METHOD_MATCH = YES;
				COPY_PHASE_STRIP = NO;
				DEBUG_INFORMATION_FORMAT = "dwarf-with-dsym";
				ENABLE_NS_ASSERTIONS = NO;
				ENABLE_STRICT_OBJC_MSGSEND = YES;
				ENABLE_USER_SCRIPT_SANDBOXING = YES;
				GCC_C_LANGUAGE_STANDARD = gnu17;
				GCC_NO_COMMON_BLOCKS = YES;
				GCC_WARN_64_TO_32_BIT_CONVERSION = YES;
				GCC_WARN_ABOUT_RETURN_TYPE = YES_ERROR;
				GCC_WARN_UNDECLARED_SELECTOR = YES;
				GCC_WARN_UNINITIALIZED_AUTOS = YES_AGGRESSIVE;
				GCC_WARN_UNUSED_FUNCTION = YES;
				GCC_WARN_UNUSED_VARIABLE = YES;
				IPHONEOS_DEPLOYMENT_TARGET = 17.2;
				LOCALIZATION_PREFERS_STRING_CATALOGS = YES;
				MTL_ENABLE_DEBUG_INFO = NO;
				MTL_FAST_MATH = YES;
				SDKROOT = iphoneos;
				SWIFT_COMPILATION_MODE = wholemodule;
				VALIDATE_PRODUCT = YES;
			};
			name = Release;
		};
		8E02CF432C6B8207006E5B93 /* Debug */ = {
			isa = XCBuildConfiguration;
			buildSettings = {
				ASSETCATALOG_COMPILER_APPICON_NAME = AppIcon;
				ASSETCATALOG_COMPILER_GLOBAL_ACCENT_COLOR_NAME = AccentColor;
				CODE_SIGN_ENTITLEMENTS = "DietGenie AI/DietGenie AI.entitlements";
				CODE_SIGN_IDENTITY = "Apple Development";
				CODE_SIGN_STYLE = Automatic;
				CURRENT_PROJECT_VERSION = 1;
				DEVELOPMENT_ASSET_PATHS = "\"DietGenie AI/Preview Content\"";
				DEVELOPMENT_TEAM = 79G38KD48M;
				ENABLE_PREVIEWS = YES;
				GENERATE_INFOPLIST_FILE = YES;
				INFOPLIST_FILE = "DietGenie-AI-Info.plist";
				INFOPLIST_KEY_CFBundleDisplayName = "DietGenie-AI";
				INFOPLIST_KEY_LSApplicationCategoryType = "public.app-category.healthcare-fitness";
				INFOPLIST_KEY_NSHealthShareUsageDescription = "This app requires access to your health data to provide personalized insights and recommendations.";
				INFOPLIST_KEY_NSHealthUpdateUsageDescription = "This app requires access to your health data to provide personalized insights and recommendations.";
				INFOPLIST_KEY_UIApplicationSceneManifest_Generation = YES;
				INFOPLIST_KEY_UIApplicationSupportsIndirectInputEvents = YES;
				INFOPLIST_KEY_UILaunchScreen_Generation = YES;
				INFOPLIST_KEY_UISupportedInterfaceOrientations_iPad = "UIInterfaceOrientationPortrait UIInterfaceOrientationPortraitUpsideDown UIInterfaceOrientationLandscapeLeft UIInterfaceOrientationLandscapeRight";
				INFOPLIST_KEY_UISupportedInterfaceOrientations_iPhone = "UIInterfaceOrientationPortrait UIInterfaceOrientationLandscapeLeft UIInterfaceOrientationLandscapeRight";
				IPHONEOS_DEPLOYMENT_TARGET = 15.0;
				LD_RUNPATH_SEARCH_PATHS = (
					"$(inherited)",
					"@executable_path/Frameworks",
				);
				MARKETING_VERSION = 1.0;
				PRODUCT_BUNDLE_IDENTIFIER = "com.mika.DietGenie-AI";
				PRODUCT_NAME = "$(TARGET_NAME)";
				PROVISIONING_PROFILE_SPECIFIER = "";
				SWIFT_EMIT_LOC_STRINGS = YES;
				SWIFT_VERSION = 5.0;
				TARGETED_DEVICE_FAMILY = "1,2";
			};
			name = Debug;
		};
		8E02CF442C6B8207006E5B93 /* Release */ = {
			isa = XCBuildConfiguration;
			buildSettings = {
				ASSETCATALOG_COMPILER_APPICON_NAME = AppIcon;
				ASSETCATALOG_COMPILER_GLOBAL_ACCENT_COLOR_NAME = AccentColor;
				CODE_SIGN_ENTITLEMENTS = "DietGenie AI/DietGenie AI.entitlements";
				CODE_SIGN_IDENTITY = "Apple Development";
				CODE_SIGN_STYLE = Automatic;
				CURRENT_PROJECT_VERSION = 1;
				DEVELOPMENT_ASSET_PATHS = "\"DietGenie AI/Preview Content\"";
				DEVELOPMENT_TEAM = 79G38KD48M;
				ENABLE_PREVIEWS = YES;
				GENERATE_INFOPLIST_FILE = YES;
				INFOPLIST_FILE = "DietGenie-AI-Info.plist";
				INFOPLIST_KEY_CFBundleDisplayName = "DietGenie-AI";
				INFOPLIST_KEY_LSApplicationCategoryType = "public.app-category.healthcare-fitness";
				INFOPLIST_KEY_NSHealthShareUsageDescription = "This app requires access to your health data to provide personalized insights and recommendations.";
				INFOPLIST_KEY_NSHealthUpdateUsageDescription = "This app requires access to your health data to provide personalized insights and recommendations.";
				INFOPLIST_KEY_UIApplicationSceneManifest_Generation = YES;
				INFOPLIST_KEY_UIApplicationSupportsIndirectInputEvents = YES;
				INFOPLIST_KEY_UILaunchScreen_Generation = YES;
				INFOPLIST_KEY_UISupportedInterfaceOrientations_iPad = "UIInterfaceOrientationPortrait UIInterfaceOrientationPortraitUpsideDown UIInterfaceOrientationLandscapeLeft UIInterfaceOrientationLandscapeRight";
				INFOPLIST_KEY_UISupportedInterfaceOrientations_iPhone = "UIInterfaceOrientationPortrait UIInterfaceOrientationLandscapeLeft UIInterfaceOrientationLandscapeRight";
				IPHONEOS_DEPLOYMENT_TARGET = 15.0;
				LD_RUNPATH_SEARCH_PATHS = (
					"$(inherited)",
					"@executable_path/Frameworks",
				);
				MARKETING_VERSION = 1.0;
				PRODUCT_BUNDLE_IDENTIFIER = "com.mika.DietGenie-AI";
				PRODUCT_NAME = "$(TARGET_NAME)";
				PROVISIONING_PROFILE_SPECIFIER = "";
				SWIFT_EMIT_LOC_STRINGS = YES;
				SWIFT_VERSION = 5.0;
				TARGETED_DEVICE_FAMILY = "1,2";
			};
			name = Release;
		};
/* End XCBuildConfiguration section */

/* Begin XCConfigurationList section */
		8E02CF2F2C6B8205006E5B93 /* Build configuration list for PBXProject "DietGenie AI" */ = {
			isa = XCConfigurationList;
			buildConfigurations = (
				8E02CF402C6B8207006E5B93 /* Debug */,
				8E02CF412C6B8207006E5B93 /* Release */,
			);
			defaultConfigurationIsVisible = 0;
			defaultConfigurationName = Release;
		};
		8E02CF422C6B8207006E5B93 /* Build configuration list for PBXNativeTarget "DietGenie AI" */ = {
			isa = XCConfigurationList;
			buildConfigurations = (
				8E02CF432C6B8207006E5B93 /* Debug */,
				8E02CF442C6B8207006E5B93 /* Release */,
			);
			defaultConfigurationIsVisible = 0;
			defaultConfigurationName = Release;
		};
/* End XCConfigurationList section */

/* Begin XCRemoteSwiftPackageReference section */
		8E02CF992C6E0E67006E5B93 /* XCRemoteSwiftPackageReference "keychain-swift" */ = {
			isa = XCRemoteSwiftPackageReference;
			repositoryURL = "https://github.com/evgenyneu/keychain-swift";
			requirement = {
				kind = exactVersion;
				version = 20.0.0;
			};
		};
		8E02CFAD2C6E20DE006E5B93 /* XCRemoteSwiftPackageReference "firebase-ios-sdk" */ = {
			isa = XCRemoteSwiftPackageReference;
			repositoryURL = "https://github.com/firebase/firebase-ios-sdk";
			requirement = {
				kind = upToNextMajorVersion;
				minimumVersion = 11.0.0;
			};
		};
		8EAEB05F2C73B79800FD9713 /* XCRemoteSwiftPackageReference "lottie-ios" */ = {
			isa = XCRemoteSwiftPackageReference;
			repositoryURL = "https://github.com/airbnb/lottie-ios";
			requirement = {
				kind = upToNextMajorVersion;
				minimumVersion = 4.5.0;
			};
		};
/* End XCRemoteSwiftPackageReference section */

/* Begin XCSwiftPackageProductDependency section */
		8E02CF9A2C6E0E67006E5B93 /* KeychainSwift */ = {
			isa = XCSwiftPackageProductDependency;
			package = 8E02CF992C6E0E67006E5B93 /* XCRemoteSwiftPackageReference "keychain-swift" */;
			productName = KeychainSwift;
		};
		8E02CFAE2C6E20DE006E5B93 /* FirebaseAnalytics */ = {
			isa = XCSwiftPackageProductDependency;
			package = 8E02CFAD2C6E20DE006E5B93 /* XCRemoteSwiftPackageReference "firebase-ios-sdk" */;
			productName = FirebaseAnalytics;
		};
		8E02CFB02C6E20DE006E5B93 /* FirebaseAnalyticsOnDeviceConversion */ = {
			isa = XCSwiftPackageProductDependency;
			package = 8E02CFAD2C6E20DE006E5B93 /* XCRemoteSwiftPackageReference "firebase-ios-sdk" */;
			productName = FirebaseAnalyticsOnDeviceConversion;
		};
		8E02CFB22C6E20DE006E5B93 /* FirebaseAnalyticsWithoutAdIdSupport */ = {
			isa = XCSwiftPackageProductDependency;
			package = 8E02CFAD2C6E20DE006E5B93 /* XCRemoteSwiftPackageReference "firebase-ios-sdk" */;
			productName = FirebaseAnalyticsWithoutAdIdSupport;
		};
		8E02CFB42C6E20DE006E5B93 /* FirebaseAppCheck */ = {
			isa = XCSwiftPackageProductDependency;
			package = 8E02CFAD2C6E20DE006E5B93 /* XCRemoteSwiftPackageReference "firebase-ios-sdk" */;
			productName = FirebaseAppCheck;
		};
		8E02CFB62C6E20DE006E5B93 /* FirebaseAppDistribution-Beta */ = {
			isa = XCSwiftPackageProductDependency;
			package = 8E02CFAD2C6E20DE006E5B93 /* XCRemoteSwiftPackageReference "firebase-ios-sdk" */;
			productName = "FirebaseAppDistribution-Beta";
		};
		8E02CFB82C6E20DE006E5B93 /* FirebaseAuth */ = {
			isa = XCSwiftPackageProductDependency;
			package = 8E02CFAD2C6E20DE006E5B93 /* XCRemoteSwiftPackageReference "firebase-ios-sdk" */;
			productName = FirebaseAuth;
		};
		8E02CFBA2C6E20DE006E5B93 /* FirebaseAuthCombine-Community */ = {
			isa = XCSwiftPackageProductDependency;
			package = 8E02CFAD2C6E20DE006E5B93 /* XCRemoteSwiftPackageReference "firebase-ios-sdk" */;
			productName = "FirebaseAuthCombine-Community";
		};
		8E02CFBC2C6E20DE006E5B93 /* FirebaseCrashlytics */ = {
			isa = XCSwiftPackageProductDependency;
			package = 8E02CFAD2C6E20DE006E5B93 /* XCRemoteSwiftPackageReference "firebase-ios-sdk" */;
			productName = FirebaseCrashlytics;
		};
		8E02CFBE2C6E20DE006E5B93 /* FirebaseDatabase */ = {
			isa = XCSwiftPackageProductDependency;
			package = 8E02CFAD2C6E20DE006E5B93 /* XCRemoteSwiftPackageReference "firebase-ios-sdk" */;
			productName = FirebaseDatabase;
		};
		8E02CFC02C6E20DE006E5B93 /* FirebaseDynamicLinks */ = {
			isa = XCSwiftPackageProductDependency;
			package = 8E02CFAD2C6E20DE006E5B93 /* XCRemoteSwiftPackageReference "firebase-ios-sdk" */;
			productName = FirebaseDynamicLinks;
		};
		8E02CFC22C6E20DE006E5B93 /* FirebaseFirestore */ = {
			isa = XCSwiftPackageProductDependency;
			package = 8E02CFAD2C6E20DE006E5B93 /* XCRemoteSwiftPackageReference "firebase-ios-sdk" */;
			productName = FirebaseFirestore;
		};
		8E02CFC42C6E20DE006E5B93 /* FirebaseFirestoreCombine-Community */ = {
			isa = XCSwiftPackageProductDependency;
			package = 8E02CFAD2C6E20DE006E5B93 /* XCRemoteSwiftPackageReference "firebase-ios-sdk" */;
			productName = "FirebaseFirestoreCombine-Community";
		};
		8E02CFC62C6E20DE006E5B93 /* FirebaseFunctions */ = {
			isa = XCSwiftPackageProductDependency;
			package = 8E02CFAD2C6E20DE006E5B93 /* XCRemoteSwiftPackageReference "firebase-ios-sdk" */;
			productName = FirebaseFunctions;
		};
		8E02CFC82C6E20DE006E5B93 /* FirebaseFunctionsCombine-Community */ = {
			isa = XCSwiftPackageProductDependency;
			package = 8E02CFAD2C6E20DE006E5B93 /* XCRemoteSwiftPackageReference "firebase-ios-sdk" */;
			productName = "FirebaseFunctionsCombine-Community";
		};
		8E02CFCA2C6E20DE006E5B93 /* FirebaseInAppMessaging-Beta */ = {
			isa = XCSwiftPackageProductDependency;
			package = 8E02CFAD2C6E20DE006E5B93 /* XCRemoteSwiftPackageReference "firebase-ios-sdk" */;
			productName = "FirebaseInAppMessaging-Beta";
		};
		8E02CFCC2C6E20DE006E5B93 /* FirebaseInstallations */ = {
			isa = XCSwiftPackageProductDependency;
			package = 8E02CFAD2C6E20DE006E5B93 /* XCRemoteSwiftPackageReference "firebase-ios-sdk" */;
			productName = FirebaseInstallations;
		};
		8E02CFCE2C6E20DE006E5B93 /* FirebaseMLModelDownloader */ = {
			isa = XCSwiftPackageProductDependency;
			package = 8E02CFAD2C6E20DE006E5B93 /* XCRemoteSwiftPackageReference "firebase-ios-sdk" */;
			productName = FirebaseMLModelDownloader;
		};
		8E02CFD02C6E20DE006E5B93 /* FirebaseMessaging */ = {
			isa = XCSwiftPackageProductDependency;
			package = 8E02CFAD2C6E20DE006E5B93 /* XCRemoteSwiftPackageReference "firebase-ios-sdk" */;
			productName = FirebaseMessaging;
		};
		8E02CFD22C6E20DE006E5B93 /* FirebasePerformance */ = {
			isa = XCSwiftPackageProductDependency;
			package = 8E02CFAD2C6E20DE006E5B93 /* XCRemoteSwiftPackageReference "firebase-ios-sdk" */;
			productName = FirebasePerformance;
		};
		8E02CFD42C6E20DE006E5B93 /* FirebaseRemoteConfig */ = {
			isa = XCSwiftPackageProductDependency;
			package = 8E02CFAD2C6E20DE006E5B93 /* XCRemoteSwiftPackageReference "firebase-ios-sdk" */;
			productName = FirebaseRemoteConfig;
		};
		8E02CFD62C6E20DE006E5B93 /* FirebaseStorage */ = {
			isa = XCSwiftPackageProductDependency;
			package = 8E02CFAD2C6E20DE006E5B93 /* XCRemoteSwiftPackageReference "firebase-ios-sdk" */;
			productName = FirebaseStorage;
		};
		8E02CFD82C6E20DE006E5B93 /* FirebaseStorageCombine-Community */ = {
			isa = XCSwiftPackageProductDependency;
			package = 8E02CFAD2C6E20DE006E5B93 /* XCRemoteSwiftPackageReference "firebase-ios-sdk" */;
			productName = "FirebaseStorageCombine-Community";
		};
		8E02CFDA2C6E20DE006E5B93 /* FirebaseVertexAI-Preview */ = {
			isa = XCSwiftPackageProductDependency;
			package = 8E02CFAD2C6E20DE006E5B93 /* XCRemoteSwiftPackageReference "firebase-ios-sdk" */;
			productName = "FirebaseVertexAI-Preview";
		};
		8EAEB0602C73B79800FD9713 /* Lottie */ = {
			isa = XCSwiftPackageProductDependency;
			package = 8EAEB05F2C73B79800FD9713 /* XCRemoteSwiftPackageReference "lottie-ios" */;
			productName = Lottie;
		};
/* End XCSwiftPackageProductDependency section */
	};
	rootObject = 8E02CF2C2C6B8205006E5B93 /* Project object */;
}
